// !$*UTF8*$!
{
	archiveVersion = 1;
	classes = {
	};
	objectVersion = 56;
	objects = {

/* Begin PBXBuildFile section */
		C19858842AF082E80009560A /* AppDelegate.swift in Sources */ = {isa = PBXBuildFile; fileRef = C19858832AF082E80009560A /* AppDelegate.swift */; };
		C19858862AF082E80009560A /* SceneDelegate.swift in Sources */ = {isa = PBXBuildFile; fileRef = C19858852AF082E80009560A /* SceneDelegate.swift */; };
		C19858882AF082E80009560A /* ViewController.swift in Sources */ = {isa = PBXBuildFile; fileRef = C19858872AF082E80009560A /* ViewController.swift */; };
		C198588B2AF082E80009560A /* Main.storyboard in Resources */ = {isa = PBXBuildFile; fileRef = C19858892AF082E80009560A /* Main.storyboard */; };
		C198588D2AF082E90009560A /* Assets.xcassets in Resources */ = {isa = PBXBuildFile; fileRef = C198588C2AF082E90009560A /* Assets.xcassets */; };
		C19858902AF082E90009560A /* LaunchScreen.storyboard in Resources */ = {isa = PBXBuildFile; fileRef = C198588E2AF082E90009560A /* LaunchScreen.storyboard */; };
		C198589B2AF082E90009560A /* HLSPlayerTests.swift in Sources */ = {isa = PBXBuildFile; fileRef = C198589A2AF082E90009560A /* HLSPlayerTests.swift */; };
		C19858A52AF082E90009560A /* HLSPlayerUITests.swift in Sources */ = {isa = PBXBuildFile; fileRef = C19858A42AF082E90009560A /* HLSPlayerUITests.swift */; };
		C19858A72AF082E90009560A /* HLSPlayerUITestsLaunchTests.swift in Sources */ = {isa = PBXBuildFile; fileRef = C19858A62AF082E90009560A /* HLSPlayerUITestsLaunchTests.swift */; };
/* End PBXBuildFile section */

/* Begin PBXContainerItemProxy section */
		C19858972AF082E90009560A /* PBXContainerItemProxy */ = {
			isa = PBXContainerItemProxy;
			containerPortal = C19858782AF082E80009560A /* Project object */;
			proxyType = 1;
			remoteGlobalIDString = C198587F2AF082E80009560A;
			remoteInfo = HLSPlayer;
		};
		C19858A12AF082E90009560A /* PBXContainerItemProxy */ = {
			isa = PBXContainerItemProxy;
			containerPortal = C19858782AF082E80009560A /* Project object */;
			proxyType = 1;
			remoteGlobalIDString = C198587F2AF082E80009560A;
			remoteInfo = HLSPlayer;
		};
/* End PBXContainerItemProxy section */

/* Begin PBXFileReference section */
		C19858802AF082E80009560A /* HLSPlayer.app */ = {isa = PBXFileReference; explicitFileType = wrapper.application; includeInIndex = 0; path = HLSPlayer.app; sourceTree = BUILT_PRODUCTS_DIR; };
		C19858832AF082E80009560A /* AppDelegate.swift */ = {isa = PBXFileReference; lastKnownFileType = sourcecode.swift; path = AppDelegate.swift; sourceTree = "<group>"; };
		C19858852AF082E80009560A /* SceneDelegate.swift */ = {isa = PBXFileReference; lastKnownFileType = sourcecode.swift; path = SceneDelegate.swift; sourceTree = "<group>"; };
		C19858872AF082E80009560A /* ViewController.swift */ = {isa = PBXFileReference; lastKnownFileType = sourcecode.swift; path = ViewController.swift; sourceTree = "<group>"; };
		C198588A2AF082E80009560A /* Base */ = {isa = PBXFileReference; lastKnownFileType = file.storyboard; name = Base; path = Base.lproj/Main.storyboard; sourceTree = "<group>"; };
		C198588C2AF082E90009560A /* Assets.xcassets */ = {isa = PBXFileReference; lastKnownFileType = folder.assetcatalog; path = Assets.xcassets; sourceTree = "<group>"; };
		C198588F2AF082E90009560A /* Base */ = {isa = PBXFileReference; lastKnownFileType = file.storyboard; name = Base; path = Base.lproj/LaunchScreen.storyboard; sourceTree = "<group>"; };
		C19858912AF082E90009560A /* Info.plist */ = {isa = PBXFileReference; lastKnownFileType = text.plist.xml; path = Info.plist; sourceTree = "<group>"; };
		C19858962AF082E90009560A /* HLSPlayerTests.xctest */ = {isa = PBXFileReference; explicitFileType = wrapper.cfbundle; includeInIndex = 0; path = HLSPlayerTests.xctest; sourceTree = BUILT_PRODUCTS_DIR; };
		C198589A2AF082E90009560A /* HLSPlayerTests.swift */ = {isa = PBXFileReference; lastKnownFileType = sourcecode.swift; path = HLSPlayerTests.swift; sourceTree = "<group>"; };
		C19858A02AF082E90009560A /* HLSPlayerUITests.xctest */ = {isa = PBXFileReference; explicitFileType = wrapper.cfbundle; includeInIndex = 0; path = HLSPlayerUITests.xctest; sourceTree = BUILT_PRODUCTS_DIR; };
		C19858A42AF082E90009560A /* HLSPlayerUITests.swift */ = {isa = PBXFileReference; lastKnownFileType = sourcecode.swift; path = HLSPlayerUITests.swift; sourceTree = "<group>"; };
		C19858A62AF082E90009560A /* HLSPlayerUITestsLaunchTests.swift */ = {isa = PBXFileReference; lastKnownFileType = sourcecode.swift; path = HLSPlayerUITestsLaunchTests.swift; sourceTree = "<group>"; };
/* End PBXFileReference section */

/* Begin PBXFrameworksBuildPhase section */
		C198587D2AF082E80009560A /* Frameworks */ = {
			isa = PBXFrameworksBuildPhase;
			buildActionMask = 2147483647;
			files = (
			);
			runOnlyForDeploymentPostprocessing = 0;
		};
		C19858932AF082E90009560A /* Frameworks */ = {
			isa = PBXFrameworksBuildPhase;
			buildActionMask = 2147483647;
			files = (
			);
			runOnlyForDeploymentPostprocessing = 0;
		};
		C198589D2AF082E90009560A /* Frameworks */ = {
			isa = PBXFrameworksBuildPhase;
			buildActionMask = 2147483647;
			files = (
			);
			runOnlyForDeploymentPostprocessing = 0;
		};
/* End PBXFrameworksBuildPhase section */

/* Begin PBXGroup section */
		C19858772AF082E80009560A = {
			isa = PBXGroup;
			children = (
				C19858822AF082E80009560A /* HLSPlayer */,
				C19858992AF082E90009560A /* HLSPlayerTests */,
				C19858A32AF082E90009560A /* HLSPlayerUITests */,
				C19858812AF082E80009560A /* Products */,
			);
			sourceTree = "<group>";
		};
		C19858812AF082E80009560A /* Products */ = {
			isa = PBXGroup;
			children = (
				C19858802AF082E80009560A /* HLSPlayer.app */,
				C19858962AF082E90009560A /* HLSPlayerTests.xctest */,
				C19858A02AF082E90009560A /* HLSPlayerUITests.xctest */,
			);
			name = Products;
			sourceTree = "<group>";
		};
		C19858822AF082E80009560A /* HLSPlayer */ = {
			isa = PBXGroup;
			children = (
				C19858832AF082E80009560A /* AppDelegate.swift */,
				C19858852AF082E80009560A /* SceneDelegate.swift */,
				C19858872AF082E80009560A /* ViewController.swift */,
				C19858892AF082E80009560A /* Main.storyboard */,
				C198588C2AF082E90009560A /* Assets.xcassets */,
				C198588E2AF082E90009560A /* LaunchScreen.storyboard */,
				C19858912AF082E90009560A /* Info.plist */,
			);
			path = HLSPlayer;
			sourceTree = "<group>";
		};
		C19858992AF082E90009560A /* HLSPlayerTests */ = {
			isa = PBXGroup;
			children = (
				C198589A2AF082E90009560A /* HLSPlayerTests.swift */,
			);
			path = HLSPlayerTests;
			sourceTree = "<group>";
		};
		C19858A32AF082E90009560A /* HLSPlayerUITests */ = {
			isa = PBXGroup;
			children = (
				C19858A42AF082E90009560A /* HLSPlayerUITests.swift */,
				C19858A62AF082E90009560A /* HLSPlayerUITestsLaunchTests.swift */,
			);
			path = HLSPlayerUITests;
			sourceTree = "<group>";
		};
/* End PBXGroup section */

/* Begin PBXNativeTarget section */
		C198587F2AF082E80009560A /* HLSPlayer */ = {
			isa = PBXNativeTarget;
			buildConfigurationList = C19858AA2AF082E90009560A /* Build configuration list for PBXNativeTarget "HLSPlayer" */;
			buildPhases = (
				C198587C2AF082E80009560A /* Sources */,
				C198587D2AF082E80009560A /* Frameworks */,
				C198587E2AF082E80009560A /* Resources */,
			);
			buildRules = (
			);
			dependencies = (
			);
			name = HLSPlayer;
			productName = HLSPlayer;
			productReference = C19858802AF082E80009560A /* HLSPlayer.app */;
			productType = "com.apple.product-type.application";
		};
		C19858952AF082E90009560A /* HLSPlayerTests */ = {
			isa = PBXNativeTarget;
			buildConfigurationList = C19858AD2AF082E90009560A /* Build configuration list for PBXNativeTarget "HLSPlayerTests" */;
			buildPhases = (
				C19858922AF082E90009560A /* Sources */,
				C19858932AF082E90009560A /* Frameworks */,
				C19858942AF082E90009560A /* Resources */,
			);
			buildRules = (
			);
			dependencies = (
				C19858982AF082E90009560A /* PBXTargetDependency */,
			);
			name = HLSPlayerTests;
			productName = HLSPlayerTests;
			productReference = C19858962AF082E90009560A /* HLSPlayerTests.xctest */;
			productType = "com.apple.product-type.bundle.unit-test";
		};
		C198589F2AF082E90009560A /* HLSPlayerUITests */ = {
			isa = PBXNativeTarget;
			buildConfigurationList = C19858B02AF082E90009560A /* Build configuration list for PBXNativeTarget "HLSPlayerUITests" */;
			buildPhases = (
				C198589C2AF082E90009560A /* Sources */,
				C198589D2AF082E90009560A /* Frameworks */,
				C198589E2AF082E90009560A /* Resources */,
			);
			buildRules = (
			);
			dependencies = (
				C19858A22AF082E90009560A /* PBXTargetDependency */,
			);
			name = HLSPlayerUITests;
			productName = HLSPlayerUITests;
			productReference = C19858A02AF082E90009560A /* HLSPlayerUITests.xctest */;
			productType = "com.apple.product-type.bundle.ui-testing";
		};
/* End PBXNativeTarget section */

/* Begin PBXProject section */
		C19858782AF082E80009560A /* Project object */ = {
			isa = PBXProject;
			attributes = {
				BuildIndependentTargetsInParallel = 1;
				LastSwiftUpdateCheck = 1430;
				LastUpgradeCheck = 1430;
				TargetAttributes = {
					C198587F2AF082E80009560A = {
						CreatedOnToolsVersion = 14.3.1;
					};
					C19858952AF082E90009560A = {
						CreatedOnToolsVersion = 14.3.1;
						TestTargetID = C198587F2AF082E80009560A;
					};
					C198589F2AF082E90009560A = {
						CreatedOnToolsVersion = 14.3.1;
						TestTargetID = C198587F2AF082E80009560A;
					};
				};
			};
			buildConfigurationList = C198587B2AF082E80009560A /* Build configuration list for PBXProject "HLSPlayer" */;
			compatibilityVersion = "Xcode 14.0";
			developmentRegion = en;
			hasScannedForEncodings = 0;
			knownRegions = (
				en,
				Base,
			);
			mainGroup = C19858772AF082E80009560A;
			productRefGroup = C19858812AF082E80009560A /* Products */;
			projectDirPath = "";
			projectRoot = "";
			targets = (
				C198587F2AF082E80009560A /* HLSPlayer */,
				C19858952AF082E90009560A /* HLSPlayerTests */,
				C198589F2AF082E90009560A /* HLSPlayerUITests */,
			);
		};
/* End PBXProject section */

/* Begin PBXResourcesBuildPhase section */
		C198587E2AF082E80009560A /* Resources */ = {
			isa = PBXResourcesBuildPhase;
			buildActionMask = 2147483647;
			files = (
				C19858902AF082E90009560A /* LaunchScreen.storyboard in Resources */,
				C198588D2AF082E90009560A /* Assets.xcassets in Resources */,
				C198588B2AF082E80009560A /* Main.storyboard in Resources */,
			);
			runOnlyForDeploymentPostprocessing = 0;
		};
		C19858942AF082E90009560A /* Resources */ = {
			isa = PBXResourcesBuildPhase;
			buildActionMask = 2147483647;
			files = (
			);
			runOnlyForDeploymentPostprocessing = 0;
		};
		C198589E2AF082E90009560A /* Resources */ = {
			isa = PBXResourcesBuildPhase;
			buildActionMask = 2147483647;
			files = (
			);
			runOnlyForDeploymentPostprocessing = 0;
		};
/* End PBXResourcesBuildPhase section */

/* Begin PBXSourcesBuildPhase section */
		C198587C2AF082E80009560A /* Sources */ = {
			isa = PBXSourcesBuildPhase;
			buildActionMask = 2147483647;
			files = (
				C19858882AF082E80009560A /* ViewController.swift in Sources */,
				C19858842AF082E80009560A /* AppDelegate.swift in Sources */,
				C19858862AF082E80009560A /* SceneDelegate.swift in Sources */,
			);
			runOnlyForDeploymentPostprocessing = 0;
		};
		C19858922AF082E90009560A /* Sources */ = {
			isa = PBXSourcesBuildPhase;
			buildActionMask = 2147483647;
			files = (
				C198589B2AF082E90009560A /* HLSPlayerTests.swift in Sources */,
			);
			runOnlyForDeploymentPostprocessing = 0;
		};
		C198589C2AF082E90009560A /* Sources */ = {
			isa = PBXSourcesBuildPhase;
			buildActionMask = 2147483647;
			files = (
				C19858A52AF082E90009560A /* HLSPlayerUITests.swift in Sources */,
				C19858A72AF082E90009560A /* HLSPlayerUITestsLaunchTests.swift in Sources */,
			);
			runOnlyForDeploymentPostprocessing = 0;
		};
/* End PBXSourcesBuildPhase section */

/* Begin PBXTargetDependency section */
		C19858982AF082E90009560A /* PBXTargetDependency */ = {
			isa = PBXTargetDependency;
			target = C198587F2AF082E80009560A /* HLSPlayer */;
			targetProxy = C19858972AF082E90009560A /* PBXContainerItemProxy */;
		};
		C19858A22AF082E90009560A /* PBXTargetDependency */ = {
			isa = PBXTargetDependency;
			target = C198587F2AF082E80009560A /* HLSPlayer */;
			targetProxy = C19858A12AF082E90009560A /* PBXContainerItemProxy */;
		};
/* End PBXTargetDependency section */

/* Begin PBXVariantGroup section */
		C19858892AF082E80009560A /* Main.storyboard */ = {
			isa = PBXVariantGroup;
			children = (
				C198588A2AF082E80009560A /* Base */,
			);
			name = Main.storyboard;
			sourceTree = "<group>";
		};
		C198588E2AF082E90009560A /* LaunchScreen.storyboard */ = {
			isa = PBXVariantGroup;
			children = (
				C198588F2AF082E90009560A /* Base */,
			);
			name = LaunchScreen.storyboard;
			sourceTree = "<group>";
		};
/* End PBXVariantGroup section */

/* Begin XCBuildConfiguration section */
		C19858A82AF082E90009560A /* Debug */ = {
			isa = XCBuildConfiguration;
			buildSettings = {
				ALWAYS_SEARCH_USER_PATHS = NO;
				CLANG_ANALYZER_NONNULL = YES;
				CLANG_ANALYZER_NUMBER_OBJECT_CONVERSION = YES_AGGRESSIVE;
				CLANG_CXX_LANGUAGE_STANDARD = "gnu++20";
				CLANG_ENABLE_MODULES = YES;
				CLANG_ENABLE_OBJC_ARC = YES;
				CLANG_ENABLE_OBJC_WEAK = YES;
				CLANG_WARN_BLOCK_CAPTURE_AUTORELEASING = YES;
				CLANG_WARN_BOOL_CONVERSION = YES;
				CLANG_WARN_COMMA = YES;
				CLANG_WARN_CONSTANT_CONVERSION = YES;
				CLANG_WARN_DEPRECATED_OBJC_IMPLEMENTATIONS = YES;
				CLANG_WARN_DIRECT_OBJC_ISA_USAGE = YES_ERROR;
				CLANG_WARN_DOCUMENTATION_COMMENTS = YES;
				CLANG_WARN_EMPTY_BODY = YES;
				CLANG_WARN_ENUM_CONVERSION = YES;
				CLANG_WARN_INFINITE_RECURSION = YES;
				CLANG_WARN_INT_CONVERSION = YES;
				CLANG_WARN_NON_LITERAL_NULL_CONVERSION = YES;
				CLANG_WARN_OBJC_IMPLICIT_RETAIN_SELF = YES;
				CLANG_WARN_OBJC_LITERAL_CONVERSION = YES;
				CLANG_WARN_OBJC_ROOT_CLASS = YES_ERROR;
				CLANG_WARN_QUOTED_INCLUDE_IN_FRAMEWORK_HEADER = YES;
				CLANG_WARN_RANGE_LOOP_ANALYSIS = YES;
				CLANG_WARN_STRICT_PROTOTYPES = YES;
				CLANG_WARN_SUSPICIOUS_MOVE = YES;
				CLANG_WARN_UNGUARDED_AVAILABILITY = YES_AGGRESSIVE;
				CLANG_WARN_UNREACHABLE_CODE = YES;
				CLANG_WARN__DUPLICATE_METHOD_MATCH = YES;
				COPY_PHASE_STRIP = NO;
				DEBUG_INFORMATION_FORMAT = dwarf;
				ENABLE_STRICT_OBJC_MSGSEND = YES;
				ENABLE_TESTABILITY = YES;
				GCC_C_LANGUAGE_STANDARD = gnu11;
				GCC_DYNAMIC_NO_PIC = NO;
				GCC_NO_COMMON_BLOCKS = YES;
				GCC_OPTIMIZATION_LEVEL = 0;
				GCC_PREPROCESSOR_DEFINITIONS = (
					"DEBUG=1",
					"$(inherited)",
				);
				GCC_WARN_64_TO_32_BIT_CONVERSION = YES;
				GCC_WARN_ABOUT_RETURN_TYPE = YES_ERROR;
				GCC_WARN_UNDECLARED_SELECTOR = YES;
				GCC_WARN_UNINITIALIZED_AUTOS = YES_AGGRESSIVE;
				GCC_WARN_UNUSED_FUNCTION = YES;
				GCC_WARN_UNUSED_VARIABLE = YES;
				IPHONEOS_DEPLOYMENT_TARGET = 16.4;
				MTL_ENABLE_DEBUG_INFO = INCLUDE_SOURCE;
				MTL_FAST_MATH = YES;
				ONLY_ACTIVE_ARCH = YES;
				SDKROOT = iphoneos;
				SWIFT_ACTIVE_COMPILATION_CONDITIONS = DEBUG;
				SWIFT_OPTIMIZATION_LEVEL = "-Onone";
			};
			name = Debug;
		};
		C19858A92AF082E90009560A /* Release */ = {
			isa = XCBuildConfiguration;
			buildSettings = {
				ALWAYS_SEARCH_USER_PATHS = NO;
				CLANG_ANALYZER_NONNULL = YES;
				CLANG_ANALYZER_NUMBER_OBJECT_CONVERSION = YES_AGGRESSIVE;
				CLANG_CXX_LANGUAGE_STANDARD = "gnu++20";
				CLANG_ENABLE_MODULES = YES;
				CLANG_ENABLE_OBJC_ARC = YES;
				CLANG_ENABLE_OBJC_WEAK = YES;
				CLANG_WARN_BLOCK_CAPTURE_AUTORELEASING = YES;
				CLANG_WARN_BOOL_CONVERSION = YES;
				CLANG_WARN_COMMA = YES;
				CLANG_WARN_CONSTANT_CONVERSION = YES;
				CLANG_WARN_DEPRECATED_OBJC_IMPLEMENTATIONS = YES;
				CLANG_WARN_DIRECT_OBJC_ISA_USAGE = YES_ERROR;
				CLANG_WARN_DOCUMENTATION_COMMENTS = YES;
				CLANG_WARN_EMPTY_BODY = YES;
				CLANG_WARN_ENUM_CONVERSION = YES;
				CLANG_WARN_INFINITE_RECURSION = YES;
				CLANG_WARN_INT_CONVERSION = YES;
				CLANG_WARN_NON_LITERAL_NULL_CONVERSION = YES;
				CLANG_WARN_OBJC_IMPLICIT_RETAIN_SELF = YES;
				CLANG_WARN_OBJC_LITERAL_CONVERSION = YES;
				CLANG_WARN_OBJC_ROOT_CLASS = YES_ERROR;
				CLANG_WARN_QUOTED_INCLUDE_IN_FRAMEWORK_HEADER = YES;
				CLANG_WARN_RANGE_LOOP_ANALYSIS = YES;
				CLANG_WARN_STRICT_PROTOTYPES = YES;
				CLANG_WARN_SUSPICIOUS_MOVE = YES;
				CLANG_WARN_UNGUARDED_AVAILABILITY = YES_AGGRESSIVE;
				CLANG_WARN_UNREACHABLE_CODE = YES;
				CLANG_WARN__DUPLICATE_METHOD_MATCH = YES;
				COPY_PHASE_STRIP = NO;
				DEBUG_INFORMATION_FORMAT = "dwarf-with-dsym";
				ENABLE_NS_ASSERTIONS = NO;
				ENABLE_STRICT_OBJC_MSGSEND = YES;
				GCC_C_LANGUAGE_STANDARD = gnu11;
				GCC_NO_COMMON_BLOCKS = YES;
				GCC_WARN_64_TO_32_BIT_CONVERSION = YES;
				GCC_WARN_ABOUT_RETURN_TYPE = YES_ERROR;
				GCC_WARN_UNDECLARED_SELECTOR = YES;
				GCC_WARN_UNINITIALIZED_AUTOS = YES_AGGRESSIVE;
				GCC_WARN_UNUSED_FUNCTION = YES;
				GCC_WARN_UNUSED_VARIABLE = YES;
				IPHONEOS_DEPLOYMENT_TARGET = 16.4;
				MTL_ENABLE_DEBUG_INFO = NO;
				MTL_FAST_MATH = YES;
				SDKROOT = iphoneos;
				SWIFT_COMPILATION_MODE = wholemodule;
				SWIFT_OPTIMIZATION_LEVEL = "-O";
				VALIDATE_PRODUCT = YES;
			};
			name = Release;
		};
		C19858AB2AF082E90009560A /* Debug */ = {
			isa = XCBuildConfiguration;
			buildSettings = {
				ASSETCATALOG_COMPILER_APPICON_NAME = AppIcon;
				ASSETCATALOG_COMPILER_GLOBAL_ACCENT_COLOR_NAME = AccentColor;
				CODE_SIGN_STYLE = Automatic;
				CURRENT_PROJECT_VERSION = 1;
				DEVELOPMENT_TEAM = E53J4346HQ;
				GENERATE_INFOPLIST_FILE = YES;
				INFOPLIST_FILE = HLSPlayer/Info.plist;
				INFOPLIST_KEY_UIApplicationSupportsIndirectInputEvents = YES;
				INFOPLIST_KEY_UILaunchStoryboardName = LaunchScreen;
				INFOPLIST_KEY_UIMainStoryboardFile = Main;
				INFOPLIST_KEY_UISupportedInterfaceOrientations_iPad = "UIInterfaceOrientationPortrait UIInterfaceOrientationPortraitUpsideDown UIInterfaceOrientationLandscapeLeft UIInterfaceOrientationLandscapeRight";
				INFOPLIST_KEY_UISupportedInterfaceOrientations_iPhone = "UIInterfaceOrientationPortrait UIInterfaceOrientationLandscapeLeft UIInterfaceOrientationLandscapeRight";
				LD_RUNPATH_SEARCH_PATHS = (
					"$(inherited)",
					"@executable_path/Frameworks",
				);
				MARKETING_VERSION = 1.0;
				PRODUCT_BUNDLE_IDENTIFIER = com.cozzin.HLSPlayer;
				PRODUCT_NAME = "$(TARGET_NAME)";
				SWIFT_EMIT_LOC_STRINGS = YES;
				SWIFT_VERSION = 5.0;
				TARGETED_DEVICE_FAMILY = "1,2";
			};
			name = Debug;
		};
		C19858AC2AF082E90009560A /* Release */ = {
			isa = XCBuildConfiguration;
			buildSettings = {
				ASSETCATALOG_COMPILER_APPICON_NAME = AppIcon;
				ASSETCATALOG_COMPILER_GLOBAL_ACCENT_COLOR_NAME = AccentColor;
				CODE_SIGN_STYLE = Automatic;
				CURRENT_PROJECT_VERSION = 1;
				DEVELOPMENT_TEAM = E53J4346HQ;
				GENERATE_INFOPLIST_FILE = YES;
				INFOPLIST_FILE = HLSPlayer/Info.plist;
				INFOPLIST_KEY_UIApplicationSupportsIndirectInputEvents = YES;
				INFOPLIST_KEY_UILaunchStoryboardName = LaunchScreen;
				INFOPLIST_KEY_UIMainStoryboardFile = Main;
				INFOPLIST_KEY_UISupportedInterfaceOrientations_iPad = "UIInterfaceOrientationPortrait UIInterfaceOrientationPortraitUpsideDown UIInterfaceOrientationLandscapeLeft UIInterfaceOrientationLandscapeRight";
				INFOPLIST_KEY_UISupportedInterfaceOrientations_iPhone = "UIInterfaceOrientationPortrait UIInterfaceOrientationLandscapeLeft UIInterfaceOrientationLandscapeRight";
				LD_RUNPATH_SEARCH_PATHS = (
					"$(inherited)",
					"@executable_path/Frameworks",
				);
				MARKETING_VERSION = 1.0;
				PRODUCT_BUNDLE_IDENTIFIER = com.cozzin.HLSPlayer;
				PRODUCT_NAME = "$(TARGET_NAME)";
				SWIFT_EMIT_LOC_STRINGS = YES;
				SWIFT_VERSION = 5.0;
				TARGETED_DEVICE_FAMILY = "1,2";
			};
			name = Release;
		};
		C19858AE2AF082E90009560A /* Debug */ = {
			isa = XCBuildConfiguration;
			buildSettings = {
				ALWAYS_EMBED_SWIFT_STANDARD_LIBRARIES = YES;
				BUNDLE_LOADER = "$(TEST_HOST)";
				CODE_SIGN_STYLE = Automatic;
				CURRENT_PROJECT_VERSION = 1;
				DEVELOPMENT_TEAM = E53J4346HQ;
				GENERATE_INFOPLIST_FILE = YES;
				IPHONEOS_DEPLOYMENT_TARGET = 16.4;
				MARKETING_VERSION = 1.0;
				PRODUCT_BUNDLE_IDENTIFIER = com.cozzin.HLSPlayerTests;
				PRODUCT_NAME = "$(TARGET_NAME)";
				SWIFT_EMIT_LOC_STRINGS = NO;
				SWIFT_VERSION = 5.0;
				TARGETED_DEVICE_FAMILY = "1,2";
				TEST_HOST = "$(BUILT_PRODUCTS_DIR)/HLSPlayer.app/$(BUNDLE_EXECUTABLE_FOLDER_PATH)/HLSPlayer";
			};
			name = Debug;
		};
		C19858AF2AF082E90009560A /* Release */ = {
			isa = XCBuildConfiguration;
			buildSettings = {
				ALWAYS_EMBED_SWIFT_STANDARD_LIBRARIES = YES;
				BUNDLE_LOADER = "$(TEST_HOST)";
				CODE_SIGN_STYLE = Automatic;
				CURRENT_PROJECT_VERSION = 1;
				DEVELOPMENT_TEAM = E53J4346HQ;
				GENERATE_INFOPLIST_FILE = YES;
				IPHONEOS_DEPLOYMENT_TARGET = 16.4;
				MARKETING_VERSION = 1.0;
				PRODUCT_BUNDLE_IDENTIFIER = com.cozzin.HLSPlayerTests;
				PRODUCT_NAME = "$(TARGET_NAME)";
				SWIFT_EMIT_LOC_STRINGS = NO;
				SWIFT_VERSION = 5.0;
				TARGETED_DEVICE_FAMILY = "1,2";
				TEST_HOST = "$(BUILT_PRODUCTS_DIR)/HLSPlayer.app/$(BUNDLE_EXECUTABLE_FOLDER_PATH)/HLSPlayer";
			};
			name = Release;
		};
		C19858B12AF082E90009560A /* Debug */ = {
			isa = XCBuildConfiguration;
			buildSettings = {
				ALWAYS_EMBED_SWIFT_STANDARD_LIBRARIES = YES;
				CODE_SIGN_STYLE = Automatic;
				CURRENT_PROJECT_VERSION = 1;
				DEVELOPMENT_TEAM = E53J4346HQ;
				GENERATE_INFOPLIST_FILE = YES;
				MARKETING_VERSION = 1.0;
				PRODUCT_BUNDLE_IDENTIFIER = com.cozzin.HLSPlayerUITests;
				PRODUCT_NAME = "$(TARGET_NAME)";
				SWIFT_EMIT_LOC_STRINGS = NO;
				SWIFT_VERSION = 5.0;
				TARGETED_DEVICE_FAMILY = "1,2";
				TEST_TARGET_NAME = HLSPlayer;
			};
			name = Debug;
		};
		C19858B22AF082E90009560A /* Release */ = {
			isa = XCBuildConfiguration;
			buildSettings = {
				ALWAYS_EMBED_SWIFT_STANDARD_LIBRARIES = YES;
				CODE_SIGN_STYLE = Automatic;
				CURRENT_PROJECT_VERSION = 1;
				DEVELOPMENT_TEAM = E53J4346HQ;
				GENERATE_INFOPLIST_FILE = YES;
				MARKETING_VERSION = 1.0;
				PRODUCT_BUNDLE_IDENTIFIER = com.cozzin.HLSPlayerUITests;
				PRODUCT_NAME = "$(TARGET_NAME)";
				SWIFT_EMIT_LOC_STRINGS = NO;
				SWIFT_VERSION = 5.0;
				TARGETED_DEVICE_FAMILY = "1,2";
				TEST_TARGET_NAME = HLSPlayer;
			};
			name = Release;
		};
/* End XCBuildConfiguration section */

/* Begin XCConfigurationList section */
		C198587B2AF082E80009560A /* Build configuration list for PBXProject "HLSPlayer" */ = {
			isa = XCConfigurationList;
			buildConfigurations = (
				C19858A82AF082E90009560A /* Debug */,
				C19858A92AF082E90009560A /* Release */,
			);
			defaultConfigurationIsVisible = 0;
			defaultConfigurationName = Release;
		};
		C19858AA2AF082E90009560A /* Build configuration list for PBXNativeTarget "HLSPlayer" */ = {
			isa = XCConfigurationList;
			buildConfigurations = (
				C19858AB2AF082E90009560A /* Debug */,
				C19858AC2AF082E90009560A /* Release */,
			);
			defaultConfigurationIsVisible = 0;
			defaultConfigurationName = Release;
		};
		C19858AD2AF082E90009560A /* Build configuration list for PBXNativeTarget "HLSPlayerTests" */ = {
			isa = XCConfigurationList;
			buildConfigurations = (
				C19858AE2AF082E90009560A /* Debug */,
				C19858AF2AF082E90009560A /* Release */,
			);
			defaultConfigurationIsVisible = 0;
			defaultConfigurationName = Release;
		};
		C19858B02AF082E90009560A /* Build configuration list for PBXNativeTarget "HLSPlayerUITests" */ = {
			isa = XCConfigurationList;
			buildConfigurations = (
				C19858B12AF082E90009560A /* Debug */,
				C19858B22AF082E90009560A /* Release */,
			);
			defaultConfigurationIsVisible = 0;
			defaultConfigurationName = Release;
		};
/* End XCConfigurationList section */
	};
	rootObject = C19858782AF082E80009560A /* Project object */;
}
